// !$*UTF8*$!
{
	archiveVersion = 1;
	classes = {
	};
	objectVersion = 46;
	objects = {

/* Begin PBXBuildFile section */
		0DA55E8A1ABB7184008F4C5A /* AppDelegate.swift in Sources */ = {isa = PBXBuildFile; fileRef = 0DA55E891ABB7184008F4C5A /* AppDelegate.swift */; };
		0DA55E8C1ABB7184008F4C5A /* ViewController.swift in Sources */ = {isa = PBXBuildFile; fileRef = 0DA55E8B1ABB7184008F4C5A /* ViewController.swift */; };
		0DA55E8F1ABB7185008F4C5A /* Main.storyboard in Resources */ = {isa = PBXBuildFile; fileRef = 0DA55E8D1ABB7185008F4C5A /* Main.storyboard */; };
		0DA55E911ABB7185008F4C5A /* Images.xcassets in Resources */ = {isa = PBXBuildFile; fileRef = 0DA55E901ABB7185008F4C5A /* Images.xcassets */; };
		0DA55E941ABB7185008F4C5A /* LaunchScreen.xib in Resources */ = {isa = PBXBuildFile; fileRef = 0DA55E921ABB7185008F4C5A /* LaunchScreen.xib */; };
		0DA55EA01ABB7185008F4C5A /* MyFiles__IPadTests.swift in Sources */ = {isa = PBXBuildFile; fileRef = 0DA55E9F1ABB7185008F4C5A /* MyFiles__IPadTests.swift */; };
		0DA55EAA1ABB91E4008F4C5A /* LocalPdf1ViewController.swift in Sources */ = {isa = PBXBuildFile; fileRef = 0DA55EA91ABB91E4008F4C5A /* LocalPdf1ViewController.swift */; };
		0DA55EB61ABBA077008F4C5A /* LocalPDF2ViewController.swift in Sources */ = {isa = PBXBuildFile; fileRef = 0DA55EB51ABBA077008F4C5A /* LocalPDF2ViewController.swift */; };
		0DA55EB81ABBA442008F4C5A /* LocalPDF3ViewController.swift in Sources */ = {isa = PBXBuildFile; fileRef = 0DA55EB71ABBA442008F4C5A /* LocalPDF3ViewController.swift */; };
		0DA55EDD1ABBABEC008F4C5A /* ExternalPDF1ViewController.swift in Sources */ = {isa = PBXBuildFile; fileRef = 0DA55EDC1ABBABEC008F4C5A /* ExternalPDF1ViewController.swift */; };
		0DA55EDF1ABBAFAB008F4C5A /* ExternalPDF2ViewController.swift in Sources */ = {isa = PBXBuildFile; fileRef = 0DA55EDE1ABBAFAB008F4C5A /* ExternalPDF2ViewController.swift */; };
		0DA55EE11ABBB10F008F4C5A /* ExternalPDF3ViewController.swift in Sources */ = {isa = PBXBuildFile; fileRef = 0DA55EE01ABBB10F008F4C5A /* ExternalPDF3ViewController.swift */; };
		0DA858951AC229B900916059 /* avr3805.pdf in Resources */ = {isa = PBXBuildFile; fileRef = 0DA858941AC229B900916059 /* avr3805.pdf */; };
		0DA858971AC229CA00916059 /* Honda Manual.pdf in Resources */ = {isa = PBXBuildFile; fileRef = 0DA858961AC229CA00916059 /* Honda Manual.pdf */; };
		0DA858991AC229E100916059 /* Special Effects.pdf in Resources */ = {isa = PBXBuildFile; fileRef = 0DA858981AC229E100916059 /* Special Effects.pdf */; };
		0DA8589B1AC229EE00916059 /* pdf image.png in Resources */ = {isa = PBXBuildFile; fileRef = 0DA8589A1AC229EE00916059 /* pdf image.png */; };
/* End PBXBuildFile section */

/* Begin PBXContainerItemProxy section */
		0DA55E9A1ABB7185008F4C5A /* PBXContainerItemProxy */ = {
			isa = PBXContainerItemProxy;
			containerPortal = 0DA55E7C1ABB7184008F4C5A /* Project object */;
			proxyType = 1;
			remoteGlobalIDString = 0DA55E831ABB7184008F4C5A;
			remoteInfo = "MyFiles, IPad";
		};
/* End PBXContainerItemProxy section */

/* Begin PBXFileReference section */
		0DA55E841ABB7184008F4C5A /* MyFiles, IPad.app */ = {isa = PBXFileReference; explicitFileType = wrapper.application; includeInIndex = 0; path = "MyFiles, IPad.app"; sourceTree = BUILT_PRODUCTS_DIR; };
		0DA55E881ABB7184008F4C5A /* Info.plist */ = {isa = PBXFileReference; lastKnownFileType = text.plist.xml; path = Info.plist; sourceTree = "<group>"; };
		0DA55E891ABB7184008F4C5A /* AppDelegate.swift */ = {isa = PBXFileReference; lastKnownFileType = sourcecode.swift; path = AppDelegate.swift; sourceTree = "<group>"; };
		0DA55E8B1ABB7184008F4C5A /* ViewController.swift */ = {isa = PBXFileReference; lastKnownFileType = sourcecode.swift; path = ViewController.swift; sourceTree = "<group>"; };
		0DA55E8E1ABB7185008F4C5A /* Base */ = {isa = PBXFileReference; lastKnownFileType = file.storyboard; name = Base; path = Base.lproj/Main.storyboard; sourceTree = "<group>"; };
		0DA55E901ABB7185008F4C5A /* Images.xcassets */ = {isa = PBXFileReference; lastKnownFileType = folder.assetcatalog; path = Images.xcassets; sourceTree = "<group>"; };
		0DA55E931ABB7185008F4C5A /* Base */ = {isa = PBXFileReference; lastKnownFileType = file.xib; name = Base; path = Base.lproj/LaunchScreen.xib; sourceTree = "<group>"; };
		0DA55E991ABB7185008F4C5A /* MyFiles, IPadTests.xctest */ = {isa = PBXFileReference; explicitFileType = wrapper.cfbundle; includeInIndex = 0; path = "MyFiles, IPadTests.xctest"; sourceTree = BUILT_PRODUCTS_DIR; };
		0DA55E9E1ABB7185008F4C5A /* Info.plist */ = {isa = PBXFileReference; lastKnownFileType = text.plist.xml; path = Info.plist; sourceTree = "<group>"; };
		0DA55E9F1ABB7185008F4C5A /* MyFiles__IPadTests.swift */ = {isa = PBXFileReference; lastKnownFileType = sourcecode.swift; path = MyFiles__IPadTests.swift; sourceTree = "<group>"; };
		0DA55EA91ABB91E4008F4C5A /* LocalPdf1ViewController.swift */ = {isa = PBXFileReference; fileEncoding = 4; lastKnownFileType = sourcecode.swift; name = LocalPdf1ViewController.swift; path = "MyFiles, IPad/LocalPdf1ViewController.swift"; sourceTree = "<group>"; };
		0DA55EB51ABBA077008F4C5A /* LocalPDF2ViewController.swift */ = {isa = PBXFileReference; fileEncoding = 4; lastKnownFileType = sourcecode.swift; name = LocalPDF2ViewController.swift; path = "MyFiles, IPad/LocalPDF2ViewController.swift"; sourceTree = "<group>"; };
		0DA55EB71ABBA442008F4C5A /* LocalPDF3ViewController.swift */ = {isa = PBXFileReference; fileEncoding = 4; lastKnownFileType = sourcecode.swift; name = LocalPDF3ViewController.swift; path = "MyFiles, IPad/LocalPDF3ViewController.swift"; sourceTree = "<group>"; };
		0DA55EDC1ABBABEC008F4C5A /* ExternalPDF1ViewController.swift */ = {isa = PBXFileReference; fileEncoding = 4; lastKnownFileType = sourcecode.swift; name = ExternalPDF1ViewController.swift; path = "MyFiles, IPad/ExternalPDF1ViewController.swift"; sourceTree = "<group>"; };
		0DA55EDE1ABBAFAB008F4C5A /* ExternalPDF2ViewController.swift */ = {isa = PBXFileReference; fileEncoding = 4; lastKnownFileType = sourcecode.swift; name = ExternalPDF2ViewController.swift; path = "MyFiles, IPad/ExternalPDF2ViewController.swift"; sourceTree = "<group>"; };
		0DA55EE01ABBB10F008F4C5A /* ExternalPDF3ViewController.swift */ = {isa = PBXFileReference; fileEncoding = 4; lastKnownFileType = sourcecode.swift; name = ExternalPDF3ViewController.swift; path = "MyFiles, IPad/ExternalPDF3ViewController.swift"; sourceTree = "<group>"; };
		0DA858941AC229B900916059 /* avr3805.pdf */ = {isa = PBXFileReference; lastKnownFileType = image.pdf; path = avr3805.pdf; sourceTree = "<group>"; };
		0DA858961AC229CA00916059 /* Honda Manual.pdf */ = {isa = PBXFileReference; lastKnownFileType = image.pdf; path = "Honda Manual.pdf"; sourceTree = "<group>"; };
		0DA858981AC229E100916059 /* Special Effects.pdf */ = {isa = PBXFileReference; lastKnownFileType = image.pdf; path = "Special Effects.pdf"; sourceTree = "<group>"; };
		0DA8589A1AC229EE00916059 /* pdf image.png */ = {isa = PBXFileReference; lastKnownFileType = image.png; path = "pdf image.png"; sourceTree = SOURCE_ROOT; };
/* End PBXFileReference section */

/* Begin PBXFrameworksBuildPhase section */
		0DA55E811ABB7184008F4C5A /* Frameworks */ = {
			isa = PBXFrameworksBuildPhase;
			buildActionMask = 2147483647;
			files = (
			);
			runOnlyForDeploymentPostprocessing = 0;
		};
		0DA55E961ABB7185008F4C5A /* Frameworks */ = {
			isa = PBXFrameworksBuildPhase;
			buildActionMask = 2147483647;
			files = (
			);
			runOnlyForDeploymentPostprocessing = 0;
		};
/* End PBXFrameworksBuildPhase section */

/* Begin PBXGroup section */
		0DA55E7B1ABB7184008F4C5A = {
			isa = PBXGroup;
			children = (
				0DA55EAC1ABB928C008F4C5A /* PDF */,
				0DA55EAB1ABB9273008F4C5A /* Views */,
				0DA55E861ABB7184008F4C5A /* MyFiles, IPad */,
				0DA55E9C1ABB7185008F4C5A /* MyFiles, IPadTests */,
				0DA55E851ABB7184008F4C5A /* Products */,
			);
			sourceTree = "<group>";
		};
		0DA55E851ABB7184008F4C5A /* Products */ = {
			isa = PBXGroup;
			children = (
				0DA55E841ABB7184008F4C5A /* MyFiles, IPad.app */,
				0DA55E991ABB7185008F4C5A /* MyFiles, IPadTests.xctest */,
			);
			name = Products;
			sourceTree = "<group>";
		};
		0DA55E861ABB7184008F4C5A /* MyFiles, IPad */ = {
			isa = PBXGroup;
			children = (
				0DA55E891ABB7184008F4C5A /* AppDelegate.swift */,
				0DA55E8B1ABB7184008F4C5A /* ViewController.swift */,
				0DA55E8D1ABB7185008F4C5A /* Main.storyboard */,
				0DA55E901ABB7185008F4C5A /* Images.xcassets */,
				0DA55E921ABB7185008F4C5A /* LaunchScreen.xib */,
				0DA8589A1AC229EE00916059 /* pdf image.png */,
				0DA55E871ABB7184008F4C5A /* Supporting Files */,
			);
			path = "MyFiles, IPad";
			sourceTree = "<group>";
		};
		0DA55E871ABB7184008F4C5A /* Supporting Files */ = {
			isa = PBXGroup;
			children = (
				0DA55E881ABB7184008F4C5A /* Info.plist */,
			);
			name = "Supporting Files";
			sourceTree = "<group>";
		};
		0DA55E9C1ABB7185008F4C5A /* MyFiles, IPadTests */ = {
			isa = PBXGroup;
			children = (
				0DA55E9F1ABB7185008F4C5A /* MyFiles__IPadTests.swift */,
				0DA55E9D1ABB7185008F4C5A /* Supporting Files */,
			);
			path = "MyFiles, IPadTests";
			sourceTree = "<group>";
		};
		0DA55E9D1ABB7185008F4C5A /* Supporting Files */ = {
			isa = PBXGroup;
			children = (
				0DA55E9E1ABB7185008F4C5A /* Info.plist */,
			);
			name = "Supporting Files";
			sourceTree = "<group>";
		};
		0DA55EAB1ABB9273008F4C5A /* Views */ = {
			isa = PBXGroup;
			children = (
				0DA55EE01ABBB10F008F4C5A /* ExternalPDF3ViewController.swift */,
				0DA55EDE1ABBAFAB008F4C5A /* ExternalPDF2ViewController.swift */,
				0DA55EB71ABBA442008F4C5A /* LocalPDF3ViewController.swift */,
				0DA55EB51ABBA077008F4C5A /* LocalPDF2ViewController.swift */,
				0DA55EA91ABB91E4008F4C5A /* LocalPdf1ViewController.swift */,
				0DA55EDC1ABBABEC008F4C5A /* ExternalPDF1ViewController.swift */,
			);
			name = Views;
			sourceTree = "<group>";
		};
		0DA55EAC1ABB928C008F4C5A /* PDF */ = {
			isa = PBXGroup;
			children = (
				0DA858981AC229E100916059 /* Special Effects.pdf */,
				0DA858961AC229CA00916059 /* Honda Manual.pdf */,
				0DA858941AC229B900916059 /* avr3805.pdf */,
			);
			name = PDF;
			sourceTree = "<group>";
		};
/* End PBXGroup section */

/* Begin PBXNativeTarget section */
		0DA55E831ABB7184008F4C5A /* MyFiles, IPad */ = {
			isa = PBXNativeTarget;
			buildConfigurationList = 0DA55EA31ABB7185008F4C5A /* Build configuration list for PBXNativeTarget "MyFiles, IPad" */;
			buildPhases = (
				0DA55E801ABB7184008F4C5A /* Sources */,
				0DA55E811ABB7184008F4C5A /* Frameworks */,
				0DA55E821ABB7184008F4C5A /* Resources */,
			);
			buildRules = (
			);
			dependencies = (
			);
			name = "MyFiles, IPad";
			productName = "MyFiles, IPad";
			productReference = 0DA55E841ABB7184008F4C5A /* MyFiles, IPad.app */;
			productType = "com.apple.product-type.application";
		};
		0DA55E981ABB7185008F4C5A /* MyFiles, IPadTests */ = {
			isa = PBXNativeTarget;
			buildConfigurationList = 0DA55EA61ABB7185008F4C5A /* Build configuration list for PBXNativeTarget "MyFiles, IPadTests" */;
			buildPhases = (
				0DA55E951ABB7185008F4C5A /* Sources */,
				0DA55E961ABB7185008F4C5A /* Frameworks */,
				0DA55E971ABB7185008F4C5A /* Resources */,
			);
			buildRules = (
			);
			dependencies = (
				0DA55E9B1ABB7185008F4C5A /* PBXTargetDependency */,
			);
			name = "MyFiles, IPadTests";
			productName = "MyFiles, IPadTests";
			productReference = 0DA55E991ABB7185008F4C5A /* MyFiles, IPadTests.xctest */;
			productType = "com.apple.product-type.bundle.unit-test";
		};
/* End PBXNativeTarget section */

/* Begin PBXProject section */
		0DA55E7C1ABB7184008F4C5A /* Project object */ = {
			isa = PBXProject;
			attributes = {
				LastUpgradeCheck = 0620;
				ORGANIZATIONNAME = RockValleyCollege;
				TargetAttributes = {
					0DA55E831ABB7184008F4C5A = {
						CreatedOnToolsVersion = 6.2;
					};
					0DA55E981ABB7185008F4C5A = {
						CreatedOnToolsVersion = 6.2;
						TestTargetID = 0DA55E831ABB7184008F4C5A;
					};
				};
			};
			buildConfigurationList = 0DA55E7F1ABB7184008F4C5A /* Build configuration list for PBXProject "MyFiles, IPad" */;
			compatibilityVersion = "Xcode 3.2";
			developmentRegion = English;
			hasScannedForEncodings = 0;
			knownRegions = (
				en,
				Base,
			);
			mainGroup = 0DA55E7B1ABB7184008F4C5A;
			productRefGroup = 0DA55E851ABB7184008F4C5A /* Products */;
			projectDirPath = "";
			projectRoot = "";
			targets = (
				0DA55E831ABB7184008F4C5A /* MyFiles, IPad */,
				0DA55E981ABB7185008F4C5A /* MyFiles, IPadTests */,
			);
		};
/* End PBXProject section */

/* Begin PBXResourcesBuildPhase section */
		0DA55E821ABB7184008F4C5A /* Resources */ = {
			isa = PBXResourcesBuildPhase;
			buildActionMask = 2147483647;
			files = (
				0DA55E8F1ABB7185008F4C5A /* Main.storyboard in Resources */,
				0DA858971AC229CA00916059 /* Honda Manual.pdf in Resources */,
				0DA858951AC229B900916059 /* avr3805.pdf in Resources */,
				0DA858991AC229E100916059 /* Special Effects.pdf in Resources */,
				0DA8589B1AC229EE00916059 /* pdf image.png in Resources */,
				0DA55E941ABB7185008F4C5A /* LaunchScreen.xib in Resources */,
				0DA55E911ABB7185008F4C5A /* Images.xcassets in Resources */,
			);
			runOnlyForDeploymentPostprocessing = 0;
		};
		0DA55E971ABB7185008F4C5A /* Resources */ = {
			isa = PBXResourcesBuildPhase;
			buildActionMask = 2147483647;
			files = (
			);
			runOnlyForDeploymentPostprocessing = 0;
		};
/* End PBXResourcesBuildPhase section */

/* Begin PBXSourcesBuildPhase section */
		0DA55E801ABB7184008F4C5A /* Sources */ = {
			isa = PBXSourcesBuildPhase;
			buildActionMask = 2147483647;
			files = (
				0DA55EB81ABBA442008F4C5A /* LocalPDF3ViewController.swift in Sources */,
				0DA55EDF1ABBAFAB008F4C5A /* ExternalPDF2ViewController.swift in Sources */,
				0DA55E8C1ABB7184008F4C5A /* ViewController.swift in Sources */,
				0DA55EDD1ABBABEC008F4C5A /* ExternalPDF1ViewController.swift in Sources */,
				0DA55EE11ABBB10F008F4C5A /* ExternalPDF3ViewController.swift in Sources */,
				0DA55E8A1ABB7184008F4C5A /* AppDelegate.swift in Sources */,
				0DA55EB61ABBA077008F4C5A /* LocalPDF2ViewController.swift in Sources */,
				0DA55EAA1ABB91E4008F4C5A /* LocalPdf1ViewController.swift in Sources */,
			);
			runOnlyForDeploymentPostprocessing = 0;
		};
		0DA55E951ABB7185008F4C5A /* Sources */ = {
			isa = PBXSourcesBuildPhase;
			buildActionMask = 2147483647;
			files = (
				0DA55EA01ABB7185008F4C5A /* MyFiles__IPadTests.swift in Sources */,
			);
			runOnlyForDeploymentPostprocessing = 0;
		};
/* End PBXSourcesBuildPhase section */

/* Begin PBXTargetDependency section */
		0DA55E9B1ABB7185008F4C5A /* PBXTargetDependency */ = {
			isa = PBXTargetDependency;
			target = 0DA55E831ABB7184008F4C5A /* MyFiles, IPad */;
			targetProxy = 0DA55E9A1ABB7185008F4C5A /* PBXContainerItemProxy */;
		};
/* End PBXTargetDependency section */

/* Begin PBXVariantGroup section */
		0DA55E8D1ABB7185008F4C5A /* Main.storyboard */ = {
			isa = PBXVariantGroup;
			children = (
				0DA55E8E1ABB7185008F4C5A /* Base */,
			);
			name = Main.storyboard;
			sourceTree = "<group>";
		};
		0DA55E921ABB7185008F4C5A /* LaunchScreen.xib */ = {
			isa = PBXVariantGroup;
			children = (
				0DA55E931ABB7185008F4C5A /* Base */,
			);
			name = LaunchScreen.xib;
			sourceTree = "<group>";
		};
/* End PBXVariantGroup section */

/* Begin XCBuildConfiguration section */
		0DA55EA11ABB7185008F4C5A /* Debug */ = {
			isa = XCBuildConfiguration;
			buildSettings = {
				ALWAYS_SEARCH_USER_PATHS = NO;
				CLANG_CXX_LANGUAGE_STANDARD = "gnu++0x";
				CLANG_CXX_LIBRARY = "libc++";
				CLANG_ENABLE_MODULES = YES;
				CLANG_ENABLE_OBJC_ARC = YES;
				CLANG_WARN_BOOL_CONVERSION = YES;
				CLANG_WARN_CONSTANT_CONVERSION = YES;
				CLANG_WARN_DIRECT_OBJC_ISA_USAGE = YES_ERROR;
				CLANG_WARN_EMPTY_BODY = YES;
				CLANG_WARN_ENUM_CONVERSION = YES;
				CLANG_WARN_INT_CONVERSION = YES;
				CLANG_WARN_OBJC_ROOT_CLASS = YES_ERROR;
				CLANG_WARN_UNREACHABLE_CODE = YES;
				CLANG_WARN__DUPLICATE_METHOD_MATCH = YES;
				"CODE_SIGN_IDENTITY[sdk=iphoneos*]" = "iPhone Developer";
				COPY_PHASE_STRIP = NO;
				ENABLE_STRICT_OBJC_MSGSEND = YES;
				GCC_C_LANGUAGE_STANDARD = gnu99;
				GCC_DYNAMIC_NO_PIC = NO;
				GCC_OPTIMIZATION_LEVEL = 0;
				GCC_PREPROCESSOR_DEFINITIONS = (
					"DEBUG=1",
					"$(inherited)",
				);
				GCC_SYMBOLS_PRIVATE_EXTERN = NO;
				GCC_WARN_64_TO_32_BIT_CONVERSION = YES;
				GCC_WARN_ABOUT_RETURN_TYPE = YES_ERROR;
				GCC_WARN_UNDECLARED_SELECTOR = YES;
				GCC_WARN_UNINITIALIZED_AUTOS = YES_AGGRESSIVE;
				GCC_WARN_UNUSED_FUNCTION = YES;
				GCC_WARN_UNUSED_VARIABLE = YES;
				IPHONEOS_DEPLOYMENT_TARGET = 8.2;
				MTL_ENABLE_DEBUG_INFO = YES;
				ONLY_ACTIVE_ARCH = YES;
				SDKROOT = iphoneos;
				SWIFT_OPTIMIZATION_LEVEL = "-Onone";
				TARGETED_DEVICE_FAMILY = 2;
			};
			name = Debug;
		};
		0DA55EA21ABB7185008F4C5A /* Release */ = {
			isa = XCBuildConfiguration;
			buildSettings = {
				ALWAYS_SEARCH_USER_PATHS = NO;
				CLANG_CXX_LANGUAGE_STANDARD = "gnu++0x";
				CLANG_CXX_LIBRARY = "libc++";
				CLANG_ENABLE_MODULES = YES;
				CLANG_ENABLE_OBJC_ARC = YES;
				CLANG_WARN_BOOL_CONVERSION = YES;
				CLANG_WARN_CONSTANT_CONVERSION = YES;
				CLANG_WARN_DIRECT_OBJC_ISA_USAGE = YES_ERROR;
				CLANG_WARN_EMPTY_BODY = YES;
				CLANG_WARN_ENUM_CONVERSION = YES;
				CLANG_WARN_INT_CONVERSION = YES;
				CLANG_WARN_OBJC_ROOT_CLASS = YES_ERROR;
				CLANG_WARN_UNREACHABLE_CODE = YES;
				CLANG_WARN__DUPLICATE_METHOD_MATCH = YES;
				"CODE_SIGN_IDENTITY[sdk=iphoneos*]" = "iPhone Developer";
				COPY_PHASE_STRIP = NO;
				ENABLE_NS_ASSERTIONS = NO;
				ENABLE_STRICT_OBJC_MSGSEND = YES;
				GCC_C_LANGUAGE_STANDARD = gnu99;
				GCC_WARN_64_TO_32_BIT_CONVERSION = YES;
				GCC_WARN_ABOUT_RETURN_TYPE = YES_ERROR;
				GCC_WARN_UNDECLARED_SELECTOR = YES;
				GCC_WARN_UNINITIALIZED_AUTOS = YES_AGGRESSIVE;
				GCC_WARN_UNUSED_FUNCTION = YES;
				GCC_WARN_UNUSED_VARIABLE = YES;
				IPHONEOS_DEPLOYMENT_TARGET = 8.2;
				MTL_ENABLE_DEBUG_INFO = NO;
				SDKROOT = iphoneos;
				TARGETED_DEVICE_FAMILY = 2;
				VALIDATE_PRODUCT = YES;
			};
			name = Release;
		};
		0DA55EA41ABB7185008F4C5A /* Debug */ = {
			isa = XCBuildConfiguration;
			buildSettings = {
				ASSETCATALOG_COMPILER_APPICON_NAME = AppIcon;
				INFOPLIST_FILE = "MyFiles, IPad/Info.plist";
				LD_RUNPATH_SEARCH_PATHS = "$(inherited) @executable_path/Frameworks";
				PRODUCT_NAME = "$(TARGET_NAME)";
			};
			name = Debug;
		};
		0DA55EA51ABB7185008F4C5A /* Release */ = {
			isa = XCBuildConfiguration;
			buildSettings = {
				ASSETCATALOG_COMPILER_APPICON_NAME = AppIcon;
				INFOPLIST_FILE = "MyFiles, IPad/Info.plist";
				LD_RUNPATH_SEARCH_PATHS = "$(inherited) @executable_path/Frameworks";
				PRODUCT_NAME = "$(TARGET_NAME)";
			};
			name = Release;
		};
		0DA55EA71ABB7185008F4C5A /* Debug */ = {
			isa = XCBuildConfiguration;
			buildSettings = {
				BUNDLE_LOADER = "$(TEST_HOST)";
				FRAMEWORK_SEARCH_PATHS = (
					"$(SDKROOT)/Developer/Library/Frameworks",
					"$(inherited)",
				);
				GCC_PREPROCESSOR_DEFINITIONS = (
					"DEBUG=1",
					"$(inherited)",
				);
				INFOPLIST_FILE = "MyFiles, IPadTests/Info.plist";
				LD_RUNPATH_SEARCH_PATHS = "$(inherited) @executable_path/Frameworks @loader_path/Frameworks";
				PRODUCT_NAME = "$(TARGET_NAME)";
				TEST_HOST = "$(BUILT_PRODUCTS_DIR)/MyFiles, IPad.app/MyFiles, IPad";
			};
			name = Debug;
		};
		0DA55EA81ABB7185008F4C5A /* Release */ = {
			isa = XCBuildConfiguration;
			buildSettings = {
				BUNDLE_LOADER = "$(TEST_HOST)";
				FRAMEWORK_SEARCH_PATHS = (
					"$(SDKROOT)/Developer/Library/Frameworks",
					"$(inherited)",
				);
				INFOPLIST_FILE = "MyFiles, IPadTests/Info.plist";
				LD_RUNPATH_SEARCH_PATHS = "$(inherited) @executable_path/Frameworks @loader_path/Frameworks";
				PRODUCT_NAME = "$(TARGET_NAME)";
				TEST_HOST = "$(BUILT_PRODUCTS_DIR)/MyFiles, IPad.app/MyFiles, IPad";
			};
			name = Release;
		};
/* End XCBuildConfiguration section */

/* Begin XCConfigurationList section */
		0DA55E7F1ABB7184008F4C5A /* Build configuration list for PBXProject "MyFiles, IPad" */ = {
			isa = XCConfigurationList;
			buildConfigurations = (
				0DA55EA11ABB7185008F4C5A /* Debug */,
				0DA55EA21ABB7185008F4C5A /* Release */,
			);
			defaultConfigurationIsVisible = 0;
			defaultConfigurationName = Release;
		};
		0DA55EA31ABB7185008F4C5A /* Build configuration list for PBXNativeTarget "MyFiles, IPad" */ = {
			isa = XCConfigurationList;
			buildConfigurations = (
				0DA55EA41ABB7185008F4C5A /* Debug */,
				0DA55EA51ABB7185008F4C5A /* Release */,
			);
			defaultConfigurationIsVisible = 0;
			defaultConfigurationName = Release;
		};
		0DA55EA61ABB7185008F4C5A /* Build configuration list for PBXNativeTarget "MyFiles, IPadTests" */ = {
			isa = XCConfigurationList;
			buildConfigurations = (
				0DA55EA71ABB7185008F4C5A /* Debug */,
				0DA55EA81ABB7185008F4C5A /* Release */,
			);
			defaultConfigurationIsVisible = 0;
			defaultConfigurationName = Release;
		};
/* End XCConfigurationList section */
	};
	rootObject = 0DA55E7C1ABB7184008F4C5A /* Project object */;
}
